{
  "name": "Findful",
  "version": "1.0.0",
  "lockfileVersion": 3,
  "requires": true,
  "packages": {
    "": {
      "dependencies": {
        "@silver-zepp/easy-ble": "^1.6.8",
        "@silver-zepp/vis-log": "^1.0.8"
      }
    },
    "node_modules/@silver-zepp/easy-ble": {
      "version": "1.6.8",
      "resolved": "https://registry.npmjs.org/@silver-zepp/easy-ble/-/easy-ble-1.6.8.tgz",
      "integrity": "sha512-QHRUulDsDr6W5nXB+c7xHhUpIlu78GnX+B1qxeh95omTmXKzPb0JPvO3n/xnDMh2JWS2F7CZPBB0vPTHLo87EQ=="
    },
    "node_modules/@silver-zepp/vis-log": {
      "version": "1.0.8",
      "resolved": "https://registry.npmjs.org/@silver-zepp/vis-log/-/vis-log-1.0.8.tgz",
      "integrity": "sha512-6o3xYuqKOyfAytiQQ1ZZHo0vhW7ivpkjoaK5XakEUGN+uPQdrit488TQZwbMH9uQKl9j8Zygy1jubVa3N/TU9g=="
    }
  }
}
